
Microsoft Visual Studio Solution File, Format Version 12.00
# Visual Studio Version 17
VisualStudioVersion = 17.3.32929.385
MinimumVisualStudioVersion = 10.0.40219.1
Project("{FAE04EC0-301F-11D3-BF4B-00C04F79EFBC}") = "SuadiyeHairHouse", "SuadiyeHairHouse.csproj", "{35880B96-1874-418D-8249-29168A82AF19}"
EndProject
Global
	GlobalSection(SolutionConfigurationPlatforms) = preSolution
		Debug|Any CPU = Debug|Any CPU
		Release|Any CPU = Release|Any CPU
	EndGlobalSection
	GlobalSection(ProjectConfigurationPlatforms) = postSolution
		{35880B96-1874-418D-8249-29168A82AF19}.Debug|Any CPU.ActiveCfg = Debug|Any CPU
		{35880B96-1874-418D-8249-29168A82AF19}.Debug|Any CPU.Build.0 = Debug|Any CPU
		{35880B96-1874-418D-8249-29168A82AF19}.Release|Any CPU.ActiveCfg = Release|Any CPU
		{35880B96-1874-418D-8249-29168A82AF19}.Release|Any CPU.Build.0 = Release|Any CPU
	EndGlobalSection
	GlobalSection(SolutionProperties) = preSolution
		HideSolutionNode = FALSE
	EndGlobalSection
	GlobalSection(ExtensibilityGlobals) = postSolution
		SolutionGuid = {B7ACB303-131A-4B3F-AFDB-0B6DCE1C57D1}
	EndGlobalSection
EndGlobal
